
Microsoft Visual Studio Solution File, Format Version 12.00
# Visual Studio Version 17
VisualStudioVersion = 17.5.002.0
MinimumVisualStudioVersion = 10.0.40219.1
Project("{9A19103F-16F7-4668-BE54-9A1E7A4F7556}") = "NMCNPM", "NMCNPM.csproj", "{9602E44E-94A3-440A-8984-7C0093979AA0}"
EndProject
Global
	GlobalSection(SolutionConfigurationPlatforms) = preSolution
		Debug|Any CPU = Debug|Any CPU
		Release|Any CPU = Release|Any CPU
	EndGlobalSection
	GlobalSection(ProjectConfigurationPlatforms) = postSolution
		{9602E44E-94A3-440A-8984-7C0093979AA0}.Debug|Any CPU.ActiveCfg = Debug|Any CPU
		{9602E44E-94A3-440A-8984-7C0093979AA0}.Debug|Any CPU.Build.0 = Debug|Any CPU
		{9602E44E-94A3-440A-8984-7C0093979AA0}.Release|Any CPU.ActiveCfg = Release|Any CPU
		{9602E44E-94A3-440A-8984-7C0093979AA0}.Release|Any CPU.Build.0 = Release|Any CPU
	EndGlobalSection
	GlobalSection(SolutionProperties) = preSolution
		HideSolutionNode = FALSE
	EndGlobalSection
	GlobalSection(ExtensibilityGlobals) = postSolution
		SolutionGuid = {94FE62E0-CCE7-4EAD-9E28-A1F876B78449}
	EndGlobalSection
EndGlobal
